
Microsoft Visual Studio Solution File, Format Version 12.00
# Visual Studio Version 17
VisualStudioVersion = 17.9.34701.34
MinimumVisualStudioVersion = 10.0.40219.1
Project("{9A19103F-16F7-4668-BE54-9A1E7A4F7556}") = "MarketBackEnd", "MarketBackEnd\MarketBackEnd.csproj", "{5817492E-2594-42CA-BFF8-9F91B16DA0D2}"
EndProject
Global
	GlobalSection(SolutionConfigurationPlatforms) = preSolution
		Debug|Any CPU = Debug|Any CPU
		Release|Any CPU = Release|Any CPU
	EndGlobalSection
	GlobalSection(ProjectConfigurationPlatforms) = postSolution
		{5817492E-2594-42CA-BFF8-9F91B16DA0D2}.Debug|Any CPU.ActiveCfg = Debug|Any CPU
		{5817492E-2594-42CA-BFF8-9F91B16DA0D2}.Debug|Any CPU.Build.0 = Debug|Any CPU
		{5817492E-2594-42CA-BFF8-9F91B16DA0D2}.Release|Any CPU.ActiveCfg = Release|Any CPU
		{5817492E-2594-42CA-BFF8-9F91B16DA0D2}.Release|Any CPU.Build.0 = Release|Any CPU
	EndGlobalSection
	GlobalSection(SolutionProperties) = preSolution
		HideSolutionNode = FALSE
	EndGlobalSection
	GlobalSection(ExtensibilityGlobals) = postSolution
		SolutionGuid = {B179E1C5-3F64-4D40-BDAC-64A6C3C3E3DF}
	EndGlobalSection
EndGlobal
